
Microsoft Visual Studio Solution File, Format Version 12.00
# Visual Studio Version 17
VisualStudioVersion = 17.14.36511.14 d17.14
MinimumVisualStudioVersion = 10.0.40219.1
Project("{FAE04EC0-301F-11D3-BF4B-00C04F79EFBC}") = "RPG", "RPG\RPG.csproj", "{D8DCD958-1DE3-4D9A-8B9C-925982CFCBC3}"
EndProject
Global
	GlobalSection(SolutionConfigurationPlatforms) = preSolution
		Debug|Any CPU = Debug|Any CPU
		Release|Any CPU = Release|Any CPU
	EndGlobalSection
	GlobalSection(ProjectConfigurationPlatforms) = postSolution
		{D8DCD958-1DE3-4D9A-8B9C-925982CFCBC3}.Debug|Any CPU.ActiveCfg = Debug|Any CPU
		{D8DCD958-1DE3-4D9A-8B9C-925982CFCBC3}.Debug|Any CPU.Build.0 = Debug|Any CPU
		{D8DCD958-1DE3-4D9A-8B9C-925982CFCBC3}.Release|Any CPU.ActiveCfg = Release|Any CPU
		{D8DCD958-1DE3-4D9A-8B9C-925982CFCBC3}.Release|Any CPU.Build.0 = Release|Any CPU
	EndGlobalSection
	GlobalSection(SolutionProperties) = preSolution
		HideSolutionNode = FALSE
	EndGlobalSection
	GlobalSection(ExtensibilityGlobals) = postSolution
		SolutionGuid = {300D828F-B1CB-4E1F-B3FF-998F9421614C}
	EndGlobalSection
EndGlobal
